
Microsoft Visual Studio Solution File, Format Version 12.00
# Visual Studio Version 17
VisualStudioVersion = 17.4.33110.190
MinimumVisualStudioVersion = 10.0.40219.1
Project("{8BC9CEB8-8B4A-11D0-8D11-00A0C91BC942}") = "Day01", "Day01\Day01.vcxproj", "{A018A7C3-F828-4137-AC12-C5767574A534}"
	ProjectSection(ProjectDependencies) = postProject
		{10616DF4-193B-4249-BB07-3BDAF4D070FD} = {10616DF4-193B-4249-BB07-3BDAF4D070FD}
	EndProjectSection
EndProject
Project("{8BC9CEB8-8B4A-11D0-8D11-00A0C91BC942}") = "Day02", "Day02\Day02.vcxproj", "{11DE5E4E-06E3-49BE-A89B-C19E63957473}"
	ProjectSection(ProjectDependencies) = postProject
		{10616DF4-193B-4249-BB07-3BDAF4D070FD} = {10616DF4-193B-4249-BB07-3BDAF4D070FD}
	EndProjectSection
EndProject
Project("{8BC9CEB8-8B4A-11D0-8D11-00A0C91BC942}") = "Utils", "Utils\Utils.vcxproj", "{10616DF4-193B-4249-BB07-3BDAF4D070FD}"
EndProject
Project("{8BC9CEB8-8B4A-11D0-8D11-00A0C91BC942}") = "Day03", "Day03\Day03.vcxproj", "{6CB77A63-C2C1-4DF7-84CD-9F19826FA606}"
	ProjectSection(ProjectDependencies) = postProject
		{10616DF4-193B-4249-BB07-3BDAF4D070FD} = {10616DF4-193B-4249-BB07-3BDAF4D070FD}
	EndProjectSection
EndProject
Project("{8BC9CEB8-8B4A-11D0-8D11-00A0C91BC942}") = "Day04", "Day04\Day04.vcxproj", "{B70EA02F-5001-4F8F-8579-C261A87CC296}"
	ProjectSection(ProjectDependencies) = postProject
		{10616DF4-193B-4249-BB07-3BDAF4D070FD} = {10616DF4-193B-4249-BB07-3BDAF4D070FD}
	EndProjectSection
EndProject
Project("{8BC9CEB8-8B4A-11D0-8D11-00A0C91BC942}") = "Day05", "Day05\Day05.vcxproj", "{A2F1841E-DA45-42AB-8F54-4D06D7845EAC}"
	ProjectSection(ProjectDependencies) = postProject
		{10616DF4-193B-4249-BB07-3BDAF4D070FD} = {10616DF4-193B-4249-BB07-3BDAF4D070FD}
	EndProjectSection
EndProject
Project("{8BC9CEB8-8B4A-11D0-8D11-00A0C91BC942}") = "Day06", "Day06\Day06.vcxproj", "{33905D30-626F-4D8C-B2CB-EDADA93A08B2}"
EndProject
Project("{8BC9CEB8-8B4A-11D0-8D11-00A0C91BC942}") = "Day07", "Day07\Day07.vcxproj", "{E965A7E1-EF41-420C-93CD-2FD189E5C16B}"
	ProjectSection(ProjectDependencies) = postProject
		{10616DF4-193B-4249-BB07-3BDAF4D070FD} = {10616DF4-193B-4249-BB07-3BDAF4D070FD}
	EndProjectSection
EndProject
Project("{8BC9CEB8-8B4A-11D0-8D11-00A0C91BC942}") = "Day08", "Day08\Day08.vcxproj", "{3CD61027-B1C5-4BE7-949C-011873351AEA}"
	ProjectSection(ProjectDependencies) = postProject
		{10616DF4-193B-4249-BB07-3BDAF4D070FD} = {10616DF4-193B-4249-BB07-3BDAF4D070FD}
	EndProjectSection
EndProject
Project("{8BC9CEB8-8B4A-11D0-8D11-00A0C91BC942}") = "Day09", "Day09\Day09.vcxproj", "{D7A3C91E-2652-4991-9F31-2DED94BD4DB9}"
	ProjectSection(ProjectDependencies) = postProject
		{10616DF4-193B-4249-BB07-3BDAF4D070FD} = {10616DF4-193B-4249-BB07-3BDAF4D070FD}
	EndProjectSection
EndProject
Project("{8BC9CEB8-8B4A-11D0-8D11-00A0C91BC942}") = "Day10", "Day10\Day10.vcxproj", "{1AD51E44-02E0-47AB-A582-565DBEB43845}"
	ProjectSection(ProjectDependencies) = postProject
		{10616DF4-193B-4249-BB07-3BDAF4D070FD} = {10616DF4-193B-4249-BB07-3BDAF4D070FD}
	EndProjectSection
EndProject
Project("{8BC9CEB8-8B4A-11D0-8D11-00A0C91BC942}") = "Day11", "Day11\Day11.vcxproj", "{4D49DAF1-C564-407B-9E77-4FC4215D0547}"
	ProjectSection(ProjectDependencies) = postProject
		{10616DF4-193B-4249-BB07-3BDAF4D070FD} = {10616DF4-193B-4249-BB07-3BDAF4D070FD}
	EndProjectSection
EndProject
Project("{8BC9CEB8-8B4A-11D0-8D11-00A0C91BC942}") = "Day12", "Day12\Day12.vcxproj", "{9C9B7260-908B-4610-82D7-54ED014E2F03}"
	ProjectSection(ProjectDependencies) = postProject
		{10616DF4-193B-4249-BB07-3BDAF4D070FD} = {10616DF4-193B-4249-BB07-3BDAF4D070FD}
	EndProjectSection
EndProject
Project("{8BC9CEB8-8B4A-11D0-8D11-00A0C91BC942}") = "Day13", "Day13\Day13.vcxproj", "{AA38D409-5B6F-475A-A4E2-0D5737712024}"
	ProjectSection(ProjectDependencies) = postProject
		{10616DF4-193B-4249-BB07-3BDAF4D070FD} = {10616DF4-193B-4249-BB07-3BDAF4D070FD}
	EndProjectSection
EndProject
Global
	GlobalSection(SolutionConfigurationPlatforms) = preSolution
		Debug|x64 = Debug|x64
		Debug|x86 = Debug|x86
		Release|x64 = Release|x64
		Release|x86 = Release|x86
	EndGlobalSection
	GlobalSection(ProjectConfigurationPlatforms) = postSolution
		{A018A7C3-F828-4137-AC12-C5767574A534}.Debug|x64.ActiveCfg = Debug|x64
		{A018A7C3-F828-4137-AC12-C5767574A534}.Debug|x64.Build.0 = Debug|x64
		{A018A7C3-F828-4137-AC12-C5767574A534}.Debug|x86.ActiveCfg = Debug|Win32
		{A018A7C3-F828-4137-AC12-C5767574A534}.Debug|x86.Build.0 = Debug|Win32
		{A018A7C3-F828-4137-AC12-C5767574A534}.Release|x64.ActiveCfg = Release|x64
		{A018A7C3-F828-4137-AC12-C5767574A534}.Release|x64.Build.0 = Release|x64
		{A018A7C3-F828-4137-AC12-C5767574A534}.Release|x86.ActiveCfg = Release|Win32
		{A018A7C3-F828-4137-AC12-C5767574A534}.Release|x86.Build.0 = Release|Win32
		{11DE5E4E-06E3-49BE-A89B-C19E63957473}.Debug|x64.ActiveCfg = Debug|x64
		{11DE5E4E-06E3-49BE-A89B-C19E63957473}.Debug|x64.Build.0 = Debug|x64
		{11DE5E4E-06E3-49BE-A89B-C19E63957473}.Debug|x86.ActiveCfg = Debug|Win32
		{11DE5E4E-06E3-49BE-A89B-C19E63957473}.Debug|x86.Build.0 = Debug|Win32
		{11DE5E4E-06E3-49BE-A89B-C19E63957473}.Release|x64.ActiveCfg = Release|x64
		{11DE5E4E-06E3-49BE-A89B-C19E63957473}.Release|x64.Build.0 = Release|x64
		{11DE5E4E-06E3-49BE-A89B-C19E63957473}.Release|x86.ActiveCfg = Release|Win32
		{11DE5E4E-06E3-49BE-A89B-C19E63957473}.Release|x86.Build.0 = Release|Win32
		{10616DF4-193B-4249-BB07-3BDAF4D070FD}.Debug|x64.ActiveCfg = Debug|x64
		{10616DF4-193B-4249-BB07-3BDAF4D070FD}.Debug|x64.Build.0 = Debug|x64
		{10616DF4-193B-4249-BB07-3BDAF4D070FD}.Debug|x86.ActiveCfg = Debug|Win32
		{10616DF4-193B-4249-BB07-3BDAF4D070FD}.Debug|x86.Build.0 = Debug|Win32
		{10616DF4-193B-4249-BB07-3BDAF4D070FD}.Release|x64.ActiveCfg = Release|x64
		{10616DF4-193B-4249-BB07-3BDAF4D070FD}.Release|x64.Build.0 = Release|x64
		{10616DF4-193B-4249-BB07-3BDAF4D070FD}.Release|x86.ActiveCfg = Release|Win32
		{10616DF4-193B-4249-BB07-3BDAF4D070FD}.Release|x86.Build.0 = Release|Win32
		{6CB77A63-C2C1-4DF7-84CD-9F19826FA606}.Debug|x64.ActiveCfg = Debug|x64
		{6CB77A63-C2C1-4DF7-84CD-9F19826FA606}.Debug|x64.Build.0 = Debug|x64
		{6CB77A63-C2C1-4DF7-84CD-9F19826FA606}.Debug|x86.ActiveCfg = Debug|Win32
		{6CB77A63-C2C1-4DF7-84CD-9F19826FA606}.Debug|x86.Build.0 = Debug|Win32
		{6CB77A63-C2C1-4DF7-84CD-9F19826FA606}.Release|x64.ActiveCfg = Release|x64
		{6CB77A63-C2C1-4DF7-84CD-9F19826FA606}.Release|x64.Build.0 = Release|x64
		{6CB77A63-C2C1-4DF7-84CD-9F19826FA606}.Release|x86.ActiveCfg = Release|Win32
		{6CB77A63-C2C1-4DF7-84CD-9F19826FA606}.Release|x86.Build.0 = Release|Win32
		{B70EA02F-5001-4F8F-8579-C261A87CC296}.Debug|x64.ActiveCfg = Debug|x64
		{B70EA02F-5001-4F8F-8579-C261A87CC296}.Debug|x64.Build.0 = Debug|x64
		{B70EA02F-5001-4F8F-8579-C261A87CC296}.Debug|x86.ActiveCfg = Debug|Win32
		{B70EA02F-5001-4F8F-8579-C261A87CC296}.Debug|x86.Build.0 = Debug|Win32
		{B70EA02F-5001-4F8F-8579-C261A87CC296}.Release|x64.ActiveCfg = Release|x64
		{B70EA02F-5001-4F8F-8579-C261A87CC296}.Release|x64.Build.0 = Release|x64
		{B70EA02F-5001-4F8F-8579-C261A87CC296}.Release|x86.ActiveCfg = Release|Win32
		{B70EA02F-5001-4F8F-8579-C261A87CC296}.Release|x86.Build.0 = Release|Win32
		{A2F1841E-DA45-42AB-8F54-4D06D7845EAC}.Debug|x64.ActiveCfg = Debug|x64
		{A2F1841E-DA45-42AB-8F54-4D06D7845EAC}.Debug|x64.Build.0 = Debug|x64
		{A2F1841E-DA45-42AB-8F54-4D06D7845EAC}.Debug|x86.ActiveCfg = Debug|Win32
		{A2F1841E-DA45-42AB-8F54-4D06D7845EAC}.Debug|x86.Build.0 = Debug|Win32
		{A2F1841E-DA45-42AB-8F54-4D06D7845EAC}.Release|x64.ActiveCfg = Release|x64
		{A2F1841E-DA45-42AB-8F54-4D06D7845EAC}.Release|x64.Build.0 = Release|x64
		{A2F1841E-DA45-42AB-8F54-4D06D7845EAC}.Release|x86.ActiveCfg = Release|Win32
		{A2F1841E-DA45-42AB-8F54-4D06D7845EAC}.Release|x86.Build.0 = Release|Win32
		{33905D30-626F-4D8C-B2CB-EDADA93A08B2}.Debug|x64.ActiveCfg = Debug|x64
		{33905D30-626F-4D8C-B2CB-EDADA93A08B2}.Debug|x64.Build.0 = Debug|x64
		{33905D30-626F-4D8C-B2CB-EDADA93A08B2}.Debug|x86.ActiveCfg = Debug|Win32
		{33905D30-626F-4D8C-B2CB-EDADA93A08B2}.Debug|x86.Build.0 = Debug|Win32
		{33905D30-626F-4D8C-B2CB-EDADA93A08B2}.Release|x64.ActiveCfg = Release|x64
		{33905D30-626F-4D8C-B2CB-EDADA93A08B2}.Release|x64.Build.0 = Release|x64
		{33905D30-626F-4D8C-B2CB-EDADA93A08B2}.Release|x86.ActiveCfg = Release|Win32
		{33905D30-626F-4D8C-B2CB-EDADA93A08B2}.Release|x86.Build.0 = Release|Win32
		{E965A7E1-EF41-420C-93CD-2FD189E5C16B}.Debug|x64.ActiveCfg = Debug|x64
		{E965A7E1-EF41-420C-93CD-2FD189E5C16B}.Debug|x64.Build.0 = Debug|x64
		{E965A7E1-EF41-420C-93CD-2FD189E5C16B}.Debug|x86.ActiveCfg = Debug|Win32
		{E965A7E1-EF41-420C-93CD-2FD189E5C16B}.Debug|x86.Build.0 = Debug|Win32
		{E965A7E1-EF41-420C-93CD-2FD189E5C16B}.Release|x64.ActiveCfg = Release|x64
		{E965A7E1-EF41-420C-93CD-2FD189E5C16B}.Release|x64.Build.0 = Release|x64
		{E965A7E1-EF41-420C-93CD-2FD189E5C16B}.Release|x86.ActiveCfg = Release|Win32
		{E965A7E1-EF41-420C-93CD-2FD189E5C16B}.Release|x86.Build.0 = Release|Win32
		{3CD61027-B1C5-4BE7-949C-011873351AEA}.Debug|x64.ActiveCfg = Debug|x64
		{3CD61027-B1C5-4BE7-949C-011873351AEA}.Debug|x64.Build.0 = Debug|x64
		{3CD61027-B1C5-4BE7-949C-011873351AEA}.Debug|x86.ActiveCfg = Debug|Win32
		{3CD61027-B1C5-4BE7-949C-011873351AEA}.Debug|x86.Build.0 = Debug|Win32
		{3CD61027-B1C5-4BE7-949C-011873351AEA}.Release|x64.ActiveCfg = Release|x64
		{3CD61027-B1C5-4BE7-949C-011873351AEA}.Release|x64.Build.0 = Release|x64
		{3CD61027-B1C5-4BE7-949C-011873351AEA}.Release|x86.ActiveCfg = Release|Win32
		{3CD61027-B1C5-4BE7-949C-011873351AEA}.Release|x86.Build.0 = Release|Win32
		{D7A3C91E-2652-4991-9F31-2DED94BD4DB9}.Debug|x64.ActiveCfg = Debug|x64
		{D7A3C91E-2652-4991-9F31-2DED94BD4DB9}.Debug|x64.Build.0 = Debug|x64
		{D7A3C91E-2652-4991-9F31-2DED94BD4DB9}.Debug|x86.ActiveCfg = Debug|Win32
		{D7A3C91E-2652-4991-9F31-2DED94BD4DB9}.Debug|x86.Build.0 = Debug|Win32
		{D7A3C91E-2652-4991-9F31-2DED94BD4DB9}.Release|x64.ActiveCfg = Release|x64
		{D7A3C91E-2652-4991-9F31-2DED94BD4DB9}.Release|x64.Build.0 = Release|x64
		{D7A3C91E-2652-4991-9F31-2DED94BD4DB9}.Release|x86.ActiveCfg = Release|Win32
		{D7A3C91E-2652-4991-9F31-2DED94BD4DB9}.Release|x86.Build.0 = Release|Win32
		{1AD51E44-02E0-47AB-A582-565DBEB43845}.Debug|x64.ActiveCfg = Debug|x64
		{1AD51E44-02E0-47AB-A582-565DBEB43845}.Debug|x64.Build.0 = Debug|x64
		{1AD51E44-02E0-47AB-A582-565DBEB43845}.Debug|x86.ActiveCfg = Debug|Win32
		{1AD51E44-02E0-47AB-A582-565DBEB43845}.Debug|x86.Build.0 = Debug|Win32
		{1AD51E44-02E0-47AB-A582-565DBEB43845}.Release|x64.ActiveCfg = Release|x64
		{1AD51E44-02E0-47AB-A582-565DBEB43845}.Release|x64.Build.0 = Release|x64
		{1AD51E44-02E0-47AB-A582-565DBEB43845}.Release|x86.ActiveCfg = Release|Win32
		{1AD51E44-02E0-47AB-A582-565DBEB43845}.Release|x86.Build.0 = Release|Win32
		{4D49DAF1-C564-407B-9E77-4FC4215D0547}.Debug|x64.ActiveCfg = Debug|x64
		{4D49DAF1-C564-407B-9E77-4FC4215D0547}.Debug|x64.Build.0 = Debug|x64
		{4D49DAF1-C564-407B-9E77-4FC4215D0547}.Debug|x86.ActiveCfg = Debug|Win32
		{4D49DAF1-C564-407B-9E77-4FC4215D0547}.Debug|x86.Build.0 = Debug|Win32
		{4D49DAF1-C564-407B-9E77-4FC4215D0547}.Release|x64.ActiveCfg = Release|x64
		{4D49DAF1-C564-407B-9E77-4FC4215D0547}.Release|x64.Build.0 = Release|x64
		{4D49DAF1-C564-407B-9E77-4FC4215D0547}.Release|x86.ActiveCfg = Release|Win32
		{4D49DAF1-C564-407B-9E77-4FC4215D0547}.Release|x86.Build.0 = Release|Win32
		{9C9B7260-908B-4610-82D7-54ED014E2F03}.Debug|x64.ActiveCfg = Debug|x64
		{9C9B7260-908B-4610-82D7-54ED014E2F03}.Debug|x64.Build.0 = Debug|x64
		{9C9B7260-908B-4610-82D7-54ED014E2F03}.Debug|x86.ActiveCfg = Debug|Win32
		{9C9B7260-908B-4610-82D7-54ED014E2F03}.Debug|x86.Build.0 = Debug|Win32
		{9C9B7260-908B-4610-82D7-54ED014E2F03}.Release|x64.ActiveCfg = Release|x64
		{9C9B7260-908B-4610-82D7-54ED014E2F03}.Release|x64.Build.0 = Release|x64
		{9C9B7260-908B-4610-82D7-54ED014E2F03}.Release|x86.ActiveCfg = Release|Win32
		{9C9B7260-908B-4610-82D7-54ED014E2F03}.Release|x86.Build.0 = Release|Win32
		{AA38D409-5B6F-475A-A4E2-0D5737712024}.Debug|x64.ActiveCfg = Debug|x64
		{AA38D409-5B6F-475A-A4E2-0D5737712024}.Debug|x64.Build.0 = Debug|x64
		{AA38D409-5B6F-475A-A4E2-0D5737712024}.Debug|x86.ActiveCfg = Debug|Win32
		{AA38D409-5B6F-475A-A4E2-0D5737712024}.Debug|x86.Build.0 = Debug|Win32
		{AA38D409-5B6F-475A-A4E2-0D5737712024}.Release|x64.ActiveCfg = Release|x64
		{AA38D409-5B6F-475A-A4E2-0D5737712024}.Release|x64.Build.0 = Release|x64
		{AA38D409-5B6F-475A-A4E2-0D5737712024}.Release|x86.ActiveCfg = Release|Win32
		{AA38D409-5B6F-475A-A4E2-0D5737712024}.Release|x86.Build.0 = Release|Win32
	EndGlobalSection
	GlobalSection(SolutionProperties) = preSolution
		HideSolutionNode = FALSE
	EndGlobalSection
	GlobalSection(ExtensibilityGlobals) = postSolution
		SolutionGuid = {A2357F1B-42B6-45EE-B00C-5789BB5B9FDE}
	EndGlobalSection
EndGlobal
